
Microsoft Visual Studio Solution File, Format Version 12.00
# Visual Studio Version 16
VisualStudioVersion = 16.0.30204.135
MinimumVisualStudioVersion = 10.0.40219.1
Project("{FAE04EC0-301F-11D3-BF4B-00C04F79EFBC}") = "oop_firstgame11", "oop_firstgame11\oop_firstgame11.csproj", "{8724861C-29AE-4B49-8964-66AC7B549352}"
EndProject
Global
	GlobalSection(SolutionConfigurationPlatforms) = preSolution
		Debug|Any CPU = Debug|Any CPU
		Release|Any CPU = Release|Any CPU
	EndGlobalSection
	GlobalSection(ProjectConfigurationPlatforms) = postSolution
		{8724861C-29AE-4B49-8964-66AC7B549352}.Debug|Any CPU.ActiveCfg = Debug|Any CPU
		{8724861C-29AE-4B49-8964-66AC7B549352}.Debug|Any CPU.Build.0 = Debug|Any CPU
		{8724861C-29AE-4B49-8964-66AC7B549352}.Release|Any CPU.ActiveCfg = Release|Any CPU
		{8724861C-29AE-4B49-8964-66AC7B549352}.Release|Any CPU.Build.0 = Release|Any CPU
	EndGlobalSection
	GlobalSection(SolutionProperties) = preSolution
		HideSolutionNode = FALSE
	EndGlobalSection
	GlobalSection(ExtensibilityGlobals) = postSolution
		SolutionGuid = {558FBC28-A4B4-4A49-B4C9-58751C6BB8FC}
	EndGlobalSection
EndGlobal
